
Microsoft Visual Studio Solution File, Format Version 12.00
# Visual Studio Version 17
VisualStudioVersion = 17.7.34031.279
MinimumVisualStudioVersion = 10.0.40219.1
Project("{FAE04EC0-301F-11D3-BF4B-00C04F79EFBC}") = "MediaPlayerApplication", "MediaPlayer\MediaPlayerApplication.csproj", "{E9E4736F-8DA8-47C9-95CE-DA5EC29381CB}"
EndProject
Global
	GlobalSection(SolutionConfigurationPlatforms) = preSolution
		Debug|Any CPU = Debug|Any CPU
		Release|Any CPU = Release|Any CPU
	EndGlobalSection
	GlobalSection(ProjectConfigurationPlatforms) = postSolution
		{E9E4736F-8DA8-47C9-95CE-DA5EC29381CB}.Debug|Any CPU.ActiveCfg = Debug|Any CPU
		{E9E4736F-8DA8-47C9-95CE-DA5EC29381CB}.Debug|Any CPU.Build.0 = Debug|Any CPU
		{E9E4736F-8DA8-47C9-95CE-DA5EC29381CB}.Release|Any CPU.ActiveCfg = Release|Any CPU
		{E9E4736F-8DA8-47C9-95CE-DA5EC29381CB}.Release|Any CPU.Build.0 = Release|Any CPU
	EndGlobalSection
	GlobalSection(SolutionProperties) = preSolution
		HideSolutionNode = FALSE
	EndGlobalSection
	GlobalSection(ExtensibilityGlobals) = postSolution
		SolutionGuid = {209A6C70-5E0C-40EB-A46F-C0FC29EDD7AD}
	EndGlobalSection
EndGlobal
